
Microsoft Visual Studio Solution File, Format Version 12.00
# Visual Studio Version 16
VisualStudioVersion = 16.0.29613.14
MinimumVisualStudioVersion = 10.0.40219.1
Project("{9A19103F-16F7-4668-BE54-9A1E7A4F7556}") = "PopHistoryFunction", "PopHistoryFunction.csproj", "{EA633B62-4B44-4BEE-8787-FEE72176A936}"
EndProject
Global
	GlobalSection(SolutionConfigurationPlatforms) = preSolution
		Debug|Any CPU = Debug|Any CPU
		Release|Any CPU = Release|Any CPU
	EndGlobalSection
	GlobalSection(ProjectConfigurationPlatforms) = postSolution
		{EA633B62-4B44-4BEE-8787-FEE72176A936}.Debug|Any CPU.ActiveCfg = Debug|Any CPU
		{EA633B62-4B44-4BEE-8787-FEE72176A936}.Debug|Any CPU.Build.0 = Debug|Any CPU
		{EA633B62-4B44-4BEE-8787-FEE72176A936}.Release|Any CPU.ActiveCfg = Release|Any CPU
		{EA633B62-4B44-4BEE-8787-FEE72176A936}.Release|Any CPU.Build.0 = Release|Any CPU
	EndGlobalSection
	GlobalSection(SolutionProperties) = preSolution
		HideSolutionNode = FALSE
	EndGlobalSection
	GlobalSection(ExtensibilityGlobals) = postSolution
		SolutionGuid = {2018853E-2FF8-4FF2-8CAE-85A3E3609EA7}
	EndGlobalSection
EndGlobal
